
Microsoft Visual Studio Solution File, Format Version 12.00
# Visual Studio 15
VisualStudioVersion = 15.0.28307.539
MinimumVisualStudioVersion = 10.0.40219.1
Project("{FAE04EC0-301F-11D3-BF4B-00C04F79EFBC}") = "PartyInvite", "PartyInvite\PartyInvite.csproj", "{0333DB25-EC68-42DB-A5DF-DB4FA7C628BA}"
EndProject
Global
	GlobalSection(SolutionConfigurationPlatforms) = preSolution
		Debug|Any CPU = Debug|Any CPU
		Release|Any CPU = Release|Any CPU
	EndGlobalSection
	GlobalSection(ProjectConfigurationPlatforms) = postSolution
		{0333DB25-EC68-42DB-A5DF-DB4FA7C628BA}.Debug|Any CPU.ActiveCfg = Debug|Any CPU
		{0333DB25-EC68-42DB-A5DF-DB4FA7C628BA}.Debug|Any CPU.Build.0 = Debug|Any CPU
		{0333DB25-EC68-42DB-A5DF-DB4FA7C628BA}.Release|Any CPU.ActiveCfg = Release|Any CPU
		{0333DB25-EC68-42DB-A5DF-DB4FA7C628BA}.Release|Any CPU.Build.0 = Release|Any CPU
	EndGlobalSection
	GlobalSection(SolutionProperties) = preSolution
		HideSolutionNode = FALSE
	EndGlobalSection
	GlobalSection(ExtensibilityGlobals) = postSolution
		SolutionGuid = {7E87463C-3C0A-45A5-9516-26F8BF56D7F9}
	EndGlobalSection
EndGlobal
